
Microsoft Visual Studio Solution File, Format Version 12.00
# Visual Studio Version 16
VisualStudioVersion = 25.0.1706.7
MinimumVisualStudioVersion = 10.0.40219.1
Project("{FAE04EC0-301F-11D3-BF4B-00C04F79EFBC}") = "EmployeeMaintenance", "EmployeeMaintenance.csproj", "{3B730A27-E142-4F94-93CD-3EA7AD99C088}"
EndProject
Global
	GlobalSection(SolutionConfigurationPlatforms) = preSolution
		Debug|Any CPU = Debug|Any CPU
		Release|Any CPU = Release|Any CPU
	EndGlobalSection
	GlobalSection(ProjectConfigurationPlatforms) = postSolution
		{3B730A27-E142-4F94-93CD-3EA7AD99C088}.Debug|Any CPU.ActiveCfg = Debug|Any CPU
		{3B730A27-E142-4F94-93CD-3EA7AD99C088}.Debug|Any CPU.Build.0 = Debug|Any CPU
		{3B730A27-E142-4F94-93CD-3EA7AD99C088}.Release|Any CPU.ActiveCfg = Release|Any CPU
		{3B730A27-E142-4F94-93CD-3EA7AD99C088}.Release|Any CPU.Build.0 = Release|Any CPU
	EndGlobalSection
	GlobalSection(SolutionProperties) = preSolution
		HideSolutionNode = FALSE
	EndGlobalSection
	GlobalSection(ExtensibilityGlobals) = postSolution
		SolutionGuid = {2CA4F5A4-821B-47AD-97D6-C6ACCC845EED}
	EndGlobalSection
EndGlobal
